
Microsoft Visual Studio Solution File, Format Version 12.00
# Visual Studio Version 17
VisualStudioVersion = 17.0.32112.339
MinimumVisualStudioVersion = 10.0.40219.1
Project("{F184B08F-C81C-45F6-A57F-5ABD9991F28F}") = "RoboticObs", "RoboticObs.vbproj", "{965078DF-D290-4B08-B0D5-838708762713}"
EndProject
Project("{2150E333-8FDC-42A3-9474-1A3956D46DE8}") = "Solution Items", "Solution Items", "{F15BCC1D-6F0B-49BF-8784-5CF705F536C9}"
	ProjectSection(SolutionItems) = preProject
		.editorconfig = .editorconfig
	EndProjectSection
EndProject
Global
	GlobalSection(SolutionConfigurationPlatforms) = preSolution
		Debug|Any CPU = Debug|Any CPU
		Release|Any CPU = Release|Any CPU
	EndGlobalSection
	GlobalSection(ProjectConfigurationPlatforms) = postSolution
		{965078DF-D290-4B08-B0D5-838708762713}.Debug|Any CPU.ActiveCfg = Debug|Any CPU
		{965078DF-D290-4B08-B0D5-838708762713}.Debug|Any CPU.Build.0 = Debug|Any CPU
		{965078DF-D290-4B08-B0D5-838708762713}.Release|Any CPU.ActiveCfg = Release|Any CPU
		{965078DF-D290-4B08-B0D5-838708762713}.Release|Any CPU.Build.0 = Release|Any CPU
	EndGlobalSection
	GlobalSection(SolutionProperties) = preSolution
		HideSolutionNode = FALSE
	EndGlobalSection
	GlobalSection(ExtensibilityGlobals) = postSolution
		SolutionGuid = {FB3D47E1-C8A5-422F-B78C-D859E1E5458E}
	EndGlobalSection
EndGlobal
